// !$*UTF8*$!
{
	archiveVersion = 1;
	classes = {
	};
	objectVersion = 56;
	objects = {

/* Begin PBXBuildFile section */
		8C8C62FA2C39952700135D6C /* KodecoSwiftUCookBookMultiplatformComponentsApp.swift in Sources */ = {isa = PBXBuildFile; fileRef = 8C8C62F92C39952700135D6C /* KodecoSwiftUCookBookMultiplatformComponentsApp.swift */; };
		8C8C62FC2C39952700135D6C /* ContentView.swift in Sources */ = {isa = PBXBuildFile; fileRef = 8C8C62FB2C39952700135D6C /* ContentView.swift */; };
		8C8C62FE2C39952900135D6C /* Assets.xcassets in Resources */ = {isa = PBXBuildFile; fileRef = 8C8C62FD2C39952900135D6C /* Assets.xcassets */; };
		8C8C63022C39952900135D6C /* Preview Assets.xcassets in Resources */ = {isa = PBXBuildFile; fileRef = 8C8C63012C39952900135D6C /* Preview Assets.xcassets */; };
		8C8C63092C399A4400135D6C /* Platform-SpecificCodeUsingConditionalCompilation.swift in Sources */ = {isa = PBXBuildFile; fileRef = 8C8C63082C399A4400135D6C /* Platform-SpecificCodeUsingConditionalCompilation.swift */; };
		8C8C630B2C399E8E00135D6C /* Platform-SpecificFrameworks.swift in Sources */ = {isa = PBXBuildFile; fileRef = 8C8C630A2C399E8E00135D6C /* Platform-SpecificFrameworks.swift */; platformFilters = (macos, ); };
		8C8C630D2C39DB8F00135D6C /* AdaptSwiftUILayoutsForVariousScreenSizes.swift in Sources */ = {isa = PBXBuildFile; fileRef = 8C8C630C2C39DB8F00135D6C /* AdaptSwiftUILayoutsForVariousScreenSizes.swift */; };
		8C8C630F2C39DFE900135D6C /* DifferentDevicesPlatforms.swift in Sources */ = {isa = PBXBuildFile; fileRef = 8C8C630E2C39DFE900135D6C /* DifferentDevicesPlatforms.swift */; };
		8C8C63172C39E2E500135D6C /* WidgetKit.framework in Frameworks */ = {isa = PBXBuildFile; fileRef = 8C8C63162C39E2E500135D6C /* WidgetKit.framework */; };
		8C8C63192C39E2E500135D6C /* SwiftUI.framework in Frameworks */ = {isa = PBXBuildFile; fileRef = 8C8C63182C39E2E500135D6C /* SwiftUI.framework */; };
		8C8C631C2C39E2E500135D6C /* FancyTimeWidgetBundle.swift in Sources */ = {isa = PBXBuildFile; fileRef = 8C8C631B2C39E2E500135D6C /* FancyTimeWidgetBundle.swift */; };
		8C8C631E2C39E2E500135D6C /* FancyTimeWidgetLiveActivity.swift in Sources */ = {isa = PBXBuildFile; fileRef = 8C8C631D2C39E2E500135D6C /* FancyTimeWidgetLiveActivity.swift */; };
		8C8C63202C39E2E500135D6C /* FancyTimeWidget.swift in Sources */ = {isa = PBXBuildFile; fileRef = 8C8C631F2C39E2E500135D6C /* FancyTimeWidget.swift */; };
		8C8C63222C39E2E500135D6C /* AppIntent.swift in Sources */ = {isa = PBXBuildFile; fileRef = 8C8C63212C39E2E500135D6C /* AppIntent.swift */; };
		8C8C63242C39E2E800135D6C /* Assets.xcassets in Resources */ = {isa = PBXBuildFile; fileRef = 8C8C63232C39E2E800135D6C /* Assets.xcassets */; };
		8C8C63282C39E2E800135D6C /* FancyTimeWidgetExtension.appex in Embed Foundation Extensions */ = {isa = PBXBuildFile; fileRef = 8C8C63142C39E2E500135D6C /* FancyTimeWidgetExtension.appex */; settings = {ATTRIBUTES = (RemoveHeadersOnCopy, ); }; };
/* End PBXBuildFile section */

/* Begin PBXContainerItemProxy section */
		8C8C63262C39E2E800135D6C /* PBXContainerItemProxy */ = {
			isa = PBXContainerItemProxy;
			containerPortal = 8C8C62EE2C39952700135D6C /* Project object */;
			proxyType = 1;
			remoteGlobalIDString = 8C8C63132C39E2E500135D6C;
			remoteInfo = FancyTimeWidgetExtension;
		};
/* End PBXContainerItemProxy section */

/* Begin PBXCopyFilesBuildPhase section */
		8C8C632C2C39E2E800135D6C /* Embed Foundation Extensions */ = {
			isa = PBXCopyFilesBuildPhase;
			buildActionMask = 2147483647;
			dstPath = "";
			dstSubfolderSpec = 13;
			files = (
				8C8C63282C39E2E800135D6C /* FancyTimeWidgetExtension.appex in Embed Foundation Extensions */,
			);
			name = "Embed Foundation Extensions";
			runOnlyForDeploymentPostprocessing = 0;
		};
/* End PBXCopyFilesBuildPhase section */

/* Begin PBXFileReference section */
		8C8C62F62C39952700135D6C /* KodecoSwiftUCookBookMultiplatformComponents.app */ = {isa = PBXFileReference; explicitFileType = wrapper.application; includeInIndex = 0; path = KodecoSwiftUCookBookMultiplatformComponents.app; sourceTree = BUILT_PRODUCTS_DIR; };
		8C8C62F92C39952700135D6C /* KodecoSwiftUCookBookMultiplatformComponentsApp.swift */ = {isa = PBXFileReference; lastKnownFileType = sourcecode.swift; path = KodecoSwiftUCookBookMultiplatformComponentsApp.swift; sourceTree = "<group>"; };
		8C8C62FB2C39952700135D6C /* ContentView.swift */ = {isa = PBXFileReference; lastKnownFileType = sourcecode.swift; path = ContentView.swift; sourceTree = "<group>"; };
		8C8C62FD2C39952900135D6C /* Assets.xcassets */ = {isa = PBXFileReference; lastKnownFileType = folder.assetcatalog; path = Assets.xcassets; sourceTree = "<group>"; };
		8C8C62FF2C39952900135D6C /* KodecoSwiftUCookBookMultiplatformComponents.entitlements */ = {isa = PBXFileReference; lastKnownFileType = text.plist.entitlements; path = KodecoSwiftUCookBookMultiplatformComponents.entitlements; sourceTree = "<group>"; };
		8C8C63012C39952900135D6C /* Preview Assets.xcassets */ = {isa = PBXFileReference; lastKnownFileType = folder.assetcatalog; path = "Preview Assets.xcassets"; sourceTree = "<group>"; };
		8C8C63082C399A4400135D6C /* Platform-SpecificCodeUsingConditionalCompilation.swift */ = {isa = PBXFileReference; lastKnownFileType = sourcecode.swift; path = "Platform-SpecificCodeUsingConditionalCompilation.swift"; sourceTree = "<group>"; };
		8C8C630A2C399E8E00135D6C /* Platform-SpecificFrameworks.swift */ = {isa = PBXFileReference; lastKnownFileType = sourcecode.swift; path = "Platform-SpecificFrameworks.swift"; sourceTree = "<group>"; };
		8C8C630C2C39DB8F00135D6C /* AdaptSwiftUILayoutsForVariousScreenSizes.swift */ = {isa = PBXFileReference; lastKnownFileType = sourcecode.swift; path = AdaptSwiftUILayoutsForVariousScreenSizes.swift; sourceTree = "<group>"; };
		8C8C630E2C39DFE900135D6C /* DifferentDevicesPlatforms.swift */ = {isa = PBXFileReference; lastKnownFileType = sourcecode.swift; path = DifferentDevicesPlatforms.swift; sourceTree = "<group>"; };
		8C8C63142C39E2E500135D6C /* FancyTimeWidgetExtension.appex */ = {isa = PBXFileReference; explicitFileType = "wrapper.app-extension"; includeInIndex = 0; path = FancyTimeWidgetExtension.appex; sourceTree = BUILT_PRODUCTS_DIR; };
		8C8C63162C39E2E500135D6C /* WidgetKit.framework */ = {isa = PBXFileReference; lastKnownFileType = wrapper.framework; name = WidgetKit.framework; path = System/Library/Frameworks/WidgetKit.framework; sourceTree = SDKROOT; };
		8C8C63182C39E2E500135D6C /* SwiftUI.framework */ = {isa = PBXFileReference; lastKnownFileType = wrapper.framework; name = SwiftUI.framework; path = System/Library/Frameworks/SwiftUI.framework; sourceTree = SDKROOT; };
		8C8C631B2C39E2E500135D6C /* FancyTimeWidgetBundle.swift */ = {isa = PBXFileReference; lastKnownFileType = sourcecode.swift; path = FancyTimeWidgetBundle.swift; sourceTree = "<group>"; };
		8C8C631D2C39E2E500135D6C /* FancyTimeWidgetLiveActivity.swift */ = {isa = PBXFileReference; lastKnownFileType = sourcecode.swift; path = FancyTimeWidgetLiveActivity.swift; sourceTree = "<group>"; };
		8C8C631F2C39E2E500135D6C /* FancyTimeWidget.swift */ = {isa = PBXFileReference; lastKnownFileType = sourcecode.swift; path = FancyTimeWidget.swift; sourceTree = "<group>"; };
		8C8C63212C39E2E500135D6C /* AppIntent.swift */ = {isa = PBXFileReference; lastKnownFileType = sourcecode.swift; path = AppIntent.swift; sourceTree = "<group>"; };
		8C8C63232C39E2E800135D6C /* Assets.xcassets */ = {isa = PBXFileReference; lastKnownFileType = folder.assetcatalog; path = Assets.xcassets; sourceTree = "<group>"; };
		8C8C63252C39E2E800135D6C /* Info.plist */ = {isa = PBXFileReference; lastKnownFileType = text.plist.xml; path = Info.plist; sourceTree = "<group>"; };
/* End PBXFileReference section */

/* Begin PBXFrameworksBuildPhase section */
		8C8C62F32C39952700135D6C /* Frameworks */ = {
			isa = PBXFrameworksBuildPhase;
			buildActionMask = 2147483647;
			files = (
			);
			runOnlyForDeploymentPostprocessing = 0;
		};
		8C8C63112C39E2E500135D6C /* Frameworks */ = {
			isa = PBXFrameworksBuildPhase;
			buildActionMask = 2147483647;
			files = (
				8C8C63192C39E2E500135D6C /* SwiftUI.framework in Frameworks */,
				8C8C63172C39E2E500135D6C /* WidgetKit.framework in Frameworks */,
			);
			runOnlyForDeploymentPostprocessing = 0;
		};
/* End PBXFrameworksBuildPhase section */

/* Begin PBXGroup section */
		8C8C62ED2C39952700135D6C = {
			isa = PBXGroup;
			children = (
				8C8C62F82C39952700135D6C /* KodecoSwiftUCookBookMultiplatformComponents */,
				8C8C631A2C39E2E500135D6C /* FancyTimeWidget */,
				8C8C63152C39E2E500135D6C /* Frameworks */,
				8C8C62F72C39952700135D6C /* Products */,
			);
			sourceTree = "<group>";
		};
		8C8C62F72C39952700135D6C /* Products */ = {
			isa = PBXGroup;
			children = (
				8C8C62F62C39952700135D6C /* KodecoSwiftUCookBookMultiplatformComponents.app */,
				8C8C63142C39E2E500135D6C /* FancyTimeWidgetExtension.appex */,
			);
			name = Products;
			sourceTree = "<group>";
		};
		8C8C62F82C39952700135D6C /* KodecoSwiftUCookBookMultiplatformComponents */ = {
			isa = PBXGroup;
			children = (
				8C8C62F92C39952700135D6C /* KodecoSwiftUCookBookMultiplatformComponentsApp.swift */,
				8C8C62FB2C39952700135D6C /* ContentView.swift */,
				8C8C63082C399A4400135D6C /* Platform-SpecificCodeUsingConditionalCompilation.swift */,
				8C8C630A2C399E8E00135D6C /* Platform-SpecificFrameworks.swift */,
				8C8C630C2C39DB8F00135D6C /* AdaptSwiftUILayoutsForVariousScreenSizes.swift */,
				8C8C630E2C39DFE900135D6C /* DifferentDevicesPlatforms.swift */,
				8C8C62FD2C39952900135D6C /* Assets.xcassets */,
				8C8C62FF2C39952900135D6C /* KodecoSwiftUCookBookMultiplatformComponents.entitlements */,
				8C8C63002C39952900135D6C /* Preview Content */,
			);
			path = KodecoSwiftUCookBookMultiplatformComponents;
			sourceTree = "<group>";
		};
		8C8C63002C39952900135D6C /* Preview Content */ = {
			isa = PBXGroup;
			children = (
				8C8C63012C39952900135D6C /* Preview Assets.xcassets */,
			);
			path = "Preview Content";
			sourceTree = "<group>";
		};
		8C8C63152C39E2E500135D6C /* Frameworks */ = {
			isa = PBXGroup;
			children = (
				8C8C63162C39E2E500135D6C /* WidgetKit.framework */,
				8C8C63182C39E2E500135D6C /* SwiftUI.framework */,
			);
			name = Frameworks;
			sourceTree = "<group>";
		};
		8C8C631A2C39E2E500135D6C /* FancyTimeWidget */ = {
			isa = PBXGroup;
			children = (
				8C8C631B2C39E2E500135D6C /* FancyTimeWidgetBundle.swift */,
				8C8C631D2C39E2E500135D6C /* FancyTimeWidgetLiveActivity.swift */,
				8C8C631F2C39E2E500135D6C /* FancyTimeWidget.swift */,
				8C8C63212C39E2E500135D6C /* AppIntent.swift */,
				8C8C63232C39E2E800135D6C /* Assets.xcassets */,
				8C8C63252C39E2E800135D6C /* Info.plist */,
			);
			path = FancyTimeWidget;
			sourceTree = "<group>";
		};
/* End PBXGroup section */

/* Begin PBXNativeTarget section */
		8C8C62F52C39952700135D6C /* KodecoSwiftUCookBookMultiplatformComponents */ = {
			isa = PBXNativeTarget;
			buildConfigurationList = 8C8C63052C39952900135D6C /* Build configuration list for PBXNativeTarget "KodecoSwiftUCookBookMultiplatformComponents" */;
			buildPhases = (
				8C8C62F22C39952700135D6C /* Sources */,
				8C8C62F32C39952700135D6C /* Frameworks */,
				8C8C62F42C39952700135D6C /* Resources */,
				8C8C632C2C39E2E800135D6C /* Embed Foundation Extensions */,
			);
			buildRules = (
			);
			dependencies = (
				8C8C63272C39E2E800135D6C /* PBXTargetDependency */,
			);
			name = KodecoSwiftUCookBookMultiplatformComponents;
			productName = KodecoSwiftUCookBookMultiplatformComponents;
			productReference = 8C8C62F62C39952700135D6C /* KodecoSwiftUCookBookMultiplatformComponents.app */;
			productType = "com.apple.product-type.application";
		};
		8C8C63132C39E2E500135D6C /* FancyTimeWidgetExtension */ = {
			isa = PBXNativeTarget;
			buildConfigurationList = 8C8C63292C39E2E800135D6C /* Build configuration list for PBXNativeTarget "FancyTimeWidgetExtension" */;
			buildPhases = (
				8C8C63102C39E2E500135D6C /* Sources */,
				8C8C63112C39E2E500135D6C /* Frameworks */,
				8C8C63122C39E2E500135D6C /* Resources */,
			);
			buildRules = (
			);
			dependencies = (
			);
			name = FancyTimeWidgetExtension;
			productName = FancyTimeWidgetExtension;
			productReference = 8C8C63142C39E2E500135D6C /* FancyTimeWidgetExtension.appex */;
			productType = "com.apple.product-type.app-extension";
		};
/* End PBXNativeTarget section */

/* Begin PBXProject section */
		8C8C62EE2C39952700135D6C /* Project object */ = {
			isa = PBXProject;
			attributes = {
				BuildIndependentTargetsInParallel = 1;
				LastSwiftUpdateCheck = 1540;
				LastUpgradeCheck = 1540;
				TargetAttributes = {
					8C8C62F52C39952700135D6C = {
						CreatedOnToolsVersion = 15.4;
					};
					8C8C63132C39E2E500135D6C = {
						CreatedOnToolsVersion = 15.4;
					};
				};
			};
			buildConfigurationList = 8C8C62F12C39952700135D6C /* Build configuration list for PBXProject "KodecoSwiftUCookBookMultiplatformComponents" */;
			compatibilityVersion = "Xcode 14.0";
			developmentRegion = en;
			hasScannedForEncodings = 0;
			knownRegions = (
				en,
				Base,
			);
			mainGroup = 8C8C62ED2C39952700135D6C;
			productRefGroup = 8C8C62F72C39952700135D6C /* Products */;
			projectDirPath = "";
			projectRoot = "";
			targets = (
				8C8C62F52C39952700135D6C /* KodecoSwiftUCookBookMultiplatformComponents */,
				8C8C63132C39E2E500135D6C /* FancyTimeWidgetExtension */,
			);
		};
/* End PBXProject section */

/* Begin PBXResourcesBuildPhase section */
		8C8C62F42C39952700135D6C /* Resources */ = {
			isa = PBXResourcesBuildPhase;
			buildActionMask = 2147483647;
			files = (
				8C8C63022C39952900135D6C /* Preview Assets.xcassets in Resources */,
				8C8C62FE2C39952900135D6C /* Assets.xcassets in Resources */,
			);
			runOnlyForDeploymentPostprocessing = 0;
		};
		8C8C63122C39E2E500135D6C /* Resources */ = {
			isa = PBXResourcesBuildPhase;
			buildActionMask = 2147483647;
			files = (
				8C8C63242C39E2E800135D6C /* Assets.xcassets in Resources */,
			);
			runOnlyForDeploymentPostprocessing = 0;
		};
/* End PBXResourcesBuildPhase section */

/* Begin PBXSourcesBuildPhase section */
		8C8C62F22C39952700135D6C /* Sources */ = {
			isa = PBXSourcesBuildPhase;
			buildActionMask = 2147483647;
			files = (
				8C8C62FC2C39952700135D6C /* ContentView.swift in Sources */,
				8C8C63092C399A4400135D6C /* Platform-SpecificCodeUsingConditionalCompilation.swift in Sources */,
				8C8C630D2C39DB8F00135D6C /* AdaptSwiftUILayoutsForVariousScreenSizes.swift in Sources */,
				8C8C62FA2C39952700135D6C /* KodecoSwiftUCookBookMultiplatformComponentsApp.swift in Sources */,
				8C8C630F2C39DFE900135D6C /* DifferentDevicesPlatforms.swift in Sources */,
				8C8C630B2C399E8E00135D6C /* Platform-SpecificFrameworks.swift in Sources */,
			);
			runOnlyForDeploymentPostprocessing = 0;
		};
		8C8C63102C39E2E500135D6C /* Sources */ = {
			isa = PBXSourcesBuildPhase;
			buildActionMask = 2147483647;
			files = (
				8C8C631C2C39E2E500135D6C /* FancyTimeWidgetBundle.swift in Sources */,
				8C8C63222C39E2E500135D6C /* AppIntent.swift in Sources */,
				8C8C631E2C39E2E500135D6C /* FancyTimeWidgetLiveActivity.swift in Sources */,
				8C8C63202C39E2E500135D6C /* FancyTimeWidget.swift in Sources */,
			);
			runOnlyForDeploymentPostprocessing = 0;
		};
/* End PBXSourcesBuildPhase section */

/* Begin PBXTargetDependency section */
		8C8C63272C39E2E800135D6C /* PBXTargetDependency */ = {
			isa = PBXTargetDependency;
			target = 8C8C63132C39E2E500135D6C /* FancyTimeWidgetExtension */;
			targetProxy = 8C8C63262C39E2E800135D6C /* PBXContainerItemProxy */;
		};
/* End PBXTargetDependency section */

/* Begin XCBuildConfiguration section */
		8C8C63032C39952900135D6C /* Debug */ = {
			isa = XCBuildConfiguration;
			buildSettings = {
				ALWAYS_SEARCH_USER_PATHS = NO;
				ASSETCATALOG_COMPILER_GENERATE_SWIFT_ASSET_SYMBOL_EXTENSIONS = YES;
				CLANG_ANALYZER_NONNULL = YES;
				CLANG_ANALYZER_NUMBER_OBJECT_CONVERSION = YES_AGGRESSIVE;
				CLANG_CXX_LANGUAGE_STANDARD = "gnu++20";
				CLANG_ENABLE_MODULES = YES;
				CLANG_ENABLE_OBJC_ARC = YES;
				CLANG_ENABLE_OBJC_WEAK = YES;
				CLANG_WARN_BLOCK_CAPTURE_AUTORELEASING = YES;
				CLANG_WARN_BOOL_CONVERSION = YES;
				CLANG_WARN_COMMA = YES;
				CLANG_WARN_CONSTANT_CONVERSION = YES;
				CLANG_WARN_DEPRECATED_OBJC_IMPLEMENTATIONS = YES;
				CLANG_WARN_DIRECT_OBJC_ISA_USAGE = YES_ERROR;
				CLANG_WARN_DOCUMENTATION_COMMENTS = YES;
				CLANG_WARN_EMPTY_BODY = YES;
				CLANG_WARN_ENUM_CONVERSION = YES;
				CLANG_WARN_INFINITE_RECURSION = YES;
				CLANG_WARN_INT_CONVERSION = YES;
				CLANG_WARN_NON_LITERAL_NULL_CONVERSION = YES;
				CLANG_WARN_OBJC_IMPLICIT_RETAIN_SELF = YES;
				CLANG_WARN_OBJC_LITERAL_CONVERSION = YES;
				CLANG_WARN_OBJC_ROOT_CLASS = YES_ERROR;
				CLANG_WARN_QUOTED_INCLUDE_IN_FRAMEWORK_HEADER = YES;
				CLANG_WARN_RANGE_LOOP_ANALYSIS = YES;
				CLANG_WARN_STRICT_PROTOTYPES = YES;
				CLANG_WARN_SUSPICIOUS_MOVE = YES;
				CLANG_WARN_UNGUARDED_AVAILABILITY = YES_AGGRESSIVE;
				CLANG_WARN_UNREACHABLE_CODE = YES;
				CLANG_WARN__DUPLICATE_METHOD_MATCH = YES;
				COPY_PHASE_STRIP = NO;
				DEBUG_INFORMATION_FORMAT = dwarf;
				ENABLE_STRICT_OBJC_MSGSEND = YES;
				ENABLE_TESTABILITY = YES;
				ENABLE_USER_SCRIPT_SANDBOXING = YES;
				GCC_C_LANGUAGE_STANDARD = gnu17;
				GCC_DYNAMIC_NO_PIC = NO;
				GCC_NO_COMMON_BLOCKS = YES;
				GCC_OPTIMIZATION_LEVEL = 0;
				GCC_PREPROCESSOR_DEFINITIONS = (
					"DEBUG=1",
					"$(inherited)",
				);
				GCC_WARN_64_TO_32_BIT_CONVERSION = YES;
				GCC_WARN_ABOUT_RETURN_TYPE = YES_ERROR;
				GCC_WARN_UNDECLARED_SELECTOR = YES;
				GCC_WARN_UNINITIALIZED_AUTOS = YES_AGGRESSIVE;
				GCC_WARN_UNUSED_FUNCTION = YES;
				GCC_WARN_UNUSED_VARIABLE = YES;
				LOCALIZATION_PREFERS_STRING_CATALOGS = YES;
				MTL_ENABLE_DEBUG_INFO = INCLUDE_SOURCE;
				MTL_FAST_MATH = YES;
				ONLY_ACTIVE_ARCH = YES;
				SWIFT_ACTIVE_COMPILATION_CONDITIONS = "DEBUG $(inherited)";
				SWIFT_OPTIMIZATION_LEVEL = "-Onone";
			};
			name = Debug;
		};
		8C8C63042C39952900135D6C /* Release */ = {
			isa = XCBuildConfiguration;
			buildSettings = {
				ALWAYS_SEARCH_USER_PATHS = NO;
				ASSETCATALOG_COMPILER_GENERATE_SWIFT_ASSET_SYMBOL_EXTENSIONS = YES;
				CLANG_ANALYZER_NONNULL = YES;
				CLANG_ANALYZER_NUMBER_OBJECT_CONVERSION = YES_AGGRESSIVE;
				CLANG_CXX_LANGUAGE_STANDARD = "gnu++20";
				CLANG_ENABLE_MODULES = YES;
				CLANG_ENABLE_OBJC_ARC = YES;
				CLANG_ENABLE_OBJC_WEAK = YES;
				CLANG_WARN_BLOCK_CAPTURE_AUTORELEASING = YES;
				CLANG_WARN_BOOL_CONVERSION = YES;
				CLANG_WARN_COMMA = YES;
				CLANG_WARN_CONSTANT_CONVERSION = YES;
				CLANG_WARN_DEPRECATED_OBJC_IMPLEMENTATIONS = YES;
				CLANG_WARN_DIRECT_OBJC_ISA_USAGE = YES_ERROR;
				CLANG_WARN_DOCUMENTATION_COMMENTS = YES;
				CLANG_WARN_EMPTY_BODY = YES;
				CLANG_WARN_ENUM_CONVERSION = YES;
				CLANG_WARN_INFINITE_RECURSION = YES;
				CLANG_WARN_INT_CONVERSION = YES;
				CLANG_WARN_NON_LITERAL_NULL_CONVERSION = YES;
				CLANG_WARN_OBJC_IMPLICIT_RETAIN_SELF = YES;
				CLANG_WARN_OBJC_LITERAL_CONVERSION = YES;
				CLANG_WARN_OBJC_ROOT_CLASS = YES_ERROR;
				CLANG_WARN_QUOTED_INCLUDE_IN_FRAMEWORK_HEADER = YES;
				CLANG_WARN_RANGE_LOOP_ANALYSIS = YES;
				CLANG_WARN_STRICT_PROTOTYPES = YES;
				CLANG_WARN_SUSPICIOUS_MOVE = YES;
				CLANG_WARN_UNGUARDED_AVAILABILITY = YES_AGGRESSIVE;
				CLANG_WARN_UNREACHABLE_CODE = YES;
				CLANG_WARN__DUPLICATE_METHOD_MATCH = YES;
				COPY_PHASE_STRIP = NO;
				DEBUG_INFORMATION_FORMAT = "dwarf-with-dsym";
				ENABLE_NS_ASSERTIONS = NO;
				ENABLE_STRICT_OBJC_MSGSEND = YES;
				ENABLE_USER_SCRIPT_SANDBOXING = YES;
				GCC_C_LANGUAGE_STANDARD = gnu17;
				GCC_NO_COMMON_BLOCKS = YES;
				GCC_WARN_64_TO_32_BIT_CONVERSION = YES;
				GCC_WARN_ABOUT_RETURN_TYPE = YES_ERROR;
				GCC_WARN_UNDECLARED_SELECTOR = YES;
				GCC_WARN_UNINITIALIZED_AUTOS = YES_AGGRESSIVE;
				GCC_WARN_UNUSED_FUNCTION = YES;
				GCC_WARN_UNUSED_VARIABLE = YES;
				LOCALIZATION_PREFERS_STRING_CATALOGS = YES;
				MTL_ENABLE_DEBUG_INFO = NO;
				MTL_FAST_MATH = YES;
				SWIFT_COMPILATION_MODE = wholemodule;
			};
			name = Release;
		};
		8C8C63062C39952900135D6C /* Debug */ = {
			isa = XCBuildConfiguration;
			buildSettings = {
				ALWAYS_EMBED_SWIFT_STANDARD_LIBRARIES = YES;
				ASSETCATALOG_COMPILER_APPICON_NAME = AppIcon;
				ASSETCATALOG_COMPILER_GLOBAL_ACCENT_COLOR_NAME = AccentColor;
				CODE_SIGN_ENTITLEMENTS = KodecoSwiftUCookBookMultiplatformComponents/KodecoSwiftUCookBookMultiplatformComponents.entitlements;
				CODE_SIGN_STYLE = Automatic;
				CURRENT_PROJECT_VERSION = 1;
				DEVELOPMENT_ASSET_PATHS = "\"KodecoSwiftUCookBookMultiplatformComponents/Preview Content\"";
				DEVELOPMENT_TEAM = 86C8SC428C;
				ENABLE_HARDENED_RUNTIME = YES;
				ENABLE_PREVIEWS = YES;
				GENERATE_INFOPLIST_FILE = YES;
				"INFOPLIST_KEY_UIApplicationSceneManifest_Generation[sdk=iphoneos*]" = YES;
				"INFOPLIST_KEY_UIApplicationSceneManifest_Generation[sdk=iphonesimulator*]" = YES;
				"INFOPLIST_KEY_UIApplicationSupportsIndirectInputEvents[sdk=iphoneos*]" = YES;
				"INFOPLIST_KEY_UIApplicationSupportsIndirectInputEvents[sdk=iphonesimulator*]" = YES;
				"INFOPLIST_KEY_UILaunchScreen_Generation[sdk=iphoneos*]" = YES;
				"INFOPLIST_KEY_UILaunchScreen_Generation[sdk=iphonesimulator*]" = YES;
				"INFOPLIST_KEY_UIStatusBarStyle[sdk=iphoneos*]" = UIStatusBarStyleDefault;
				"INFOPLIST_KEY_UIStatusBarStyle[sdk=iphonesimulator*]" = UIStatusBarStyleDefault;
				INFOPLIST_KEY_UISupportedInterfaceOrientations_iPad = "UIInterfaceOrientationPortrait UIInterfaceOrientationPortraitUpsideDown UIInterfaceOrientationLandscapeLeft UIInterfaceOrientationLandscapeRight";
				INFOPLIST_KEY_UISupportedInterfaceOrientations_iPhone = "UIInterfaceOrientationPortrait UIInterfaceOrientationLandscapeLeft UIInterfaceOrientationLandscapeRight";
				IPHONEOS_DEPLOYMENT_TARGET = 17.5;
				LD_RUNPATH_SEARCH_PATHS = "@executable_path/Frameworks";
				"LD_RUNPATH_SEARCH_PATHS[sdk=macosx*]" = "@executable_path/../Frameworks";
				MACOSX_DEPLOYMENT_TARGET = 14.3;
				MARKETING_VERSION = 1.0;
				PRODUCT_BUNDLE_IDENTIFIER = com.sigabrt.KodecoSwiftUCookBookMultiplatformComponents;
				PRODUCT_NAME = "$(TARGET_NAME)";
				SDKROOT = auto;
				SUPPORTED_PLATFORMS = "iphoneos iphonesimulator macosx";
				SWIFT_EMIT_LOC_STRINGS = YES;
				SWIFT_VERSION = 5.0;
				TARGETED_DEVICE_FAMILY = "1,2";
			};
			name = Debug;
		};
		8C8C63072C39952900135D6C /* Release */ = {
			isa = XCBuildConfiguration;
			buildSettings = {
				ALWAYS_EMBED_SWIFT_STANDARD_LIBRARIES = YES;
				ASSETCATALOG_COMPILER_APPICON_NAME = AppIcon;
				ASSETCATALOG_COMPILER_GLOBAL_ACCENT_COLOR_NAME = AccentColor;
				CODE_SIGN_ENTITLEMENTS = KodecoSwiftUCookBookMultiplatformComponents/KodecoSwiftUCookBookMultiplatformComponents.entitlements;
				CODE_SIGN_STYLE = Automatic;
				CURRENT_PROJECT_VERSION = 1;
				DEVELOPMENT_ASSET_PATHS = "\"KodecoSwiftUCookBookMultiplatformComponents/Preview Content\"";
				DEVELOPMENT_TEAM = 86C8SC428C;
				ENABLE_HARDENED_RUNTIME = YES;
				ENABLE_PREVIEWS = YES;
				GENERATE_INFOPLIST_FILE = YES;
				"INFOPLIST_KEY_UIApplicationSceneManifest_Generation[sdk=iphoneos*]" = YES;
				"INFOPLIST_KEY_UIApplicationSceneManifest_Generation[sdk=iphonesimulator*]" = YES;
				"INFOPLIST_KEY_UIApplicationSupportsIndirectInputEvents[sdk=iphoneos*]" = YES;
				"INFOPLIST_KEY_UIApplicationSupportsIndirectInputEvents[sdk=iphonesimulator*]" = YES;
				"INFOPLIST_KEY_UILaunchScreen_Generation[sdk=iphoneos*]" = YES;
				"INFOPLIST_KEY_UILaunchScreen_Generation[sdk=iphonesimulator*]" = YES;
				"INFOPLIST_KEY_UIStatusBarStyle[sdk=iphoneos*]" = UIStatusBarStyleDefault;
				"INFOPLIST_KEY_UIStatusBarStyle[sdk=iphonesimulator*]" = UIStatusBarStyleDefault;
				INFOPLIST_KEY_UISupportedInterfaceOrientations_iPad = "UIInterfaceOrientationPortrait UIInterfaceOrientationPortraitUpsideDown UIInterfaceOrientationLandscapeLeft UIInterfaceOrientationLandscapeRight";
				INFOPLIST_KEY_UISupportedInterfaceOrientations_iPhone = "UIInterfaceOrientationPortrait UIInterfaceOrientationLandscapeLeft UIInterfaceOrientationLandscapeRight";
				IPHONEOS_DEPLOYMENT_TARGET = 17.5;
				LD_RUNPATH_SEARCH_PATHS = "@executable_path/Frameworks";
				"LD_RUNPATH_SEARCH_PATHS[sdk=macosx*]" = "@executable_path/../Frameworks";
				MACOSX_DEPLOYMENT_TARGET = 14.3;
				MARKETING_VERSION = 1.0;
				PRODUCT_BUNDLE_IDENTIFIER = com.sigabrt.KodecoSwiftUCookBookMultiplatformComponents;
				PRODUCT_NAME = "$(TARGET_NAME)";
				SDKROOT = auto;
				SUPPORTED_PLATFORMS = "iphoneos iphonesimulator macosx";
				SWIFT_EMIT_LOC_STRINGS = YES;
				SWIFT_VERSION = 5.0;
				TARGETED_DEVICE_FAMILY = "1,2";
			};
			name = Release;
		};
		8C8C632A2C39E2E800135D6C /* Debug */ = {
			isa = XCBuildConfiguration;
			buildSettings = {
				ASSETCATALOG_COMPILER_GLOBAL_ACCENT_COLOR_NAME = AccentColor;
				ASSETCATALOG_COMPILER_WIDGET_BACKGROUND_COLOR_NAME = WidgetBackground;
				CODE_SIGN_STYLE = Automatic;
				CURRENT_PROJECT_VERSION = 1;
				DEVELOPMENT_TEAM = 86C8SC428C;
				GENERATE_INFOPLIST_FILE = YES;
				INFOPLIST_FILE = FancyTimeWidget/Info.plist;
				INFOPLIST_KEY_CFBundleDisplayName = FancyTimeWidget;
				INFOPLIST_KEY_NSHumanReadableCopyright = "";
				IPHONEOS_DEPLOYMENT_TARGET = 17.5;
				LD_RUNPATH_SEARCH_PATHS = (
					"$(inherited)",
					"@executable_path/Frameworks",
					"@executable_path/../../Frameworks",
				);
				MARKETING_VERSION = 1.0;
				PRODUCT_BUNDLE_IDENTIFIER = com.sigabrt.KodecoSwiftUCookBookMultiplatformComponents.FancyTimeWidget;
				PRODUCT_NAME = "$(TARGET_NAME)";
				SDKROOT = iphoneos;
				SKIP_INSTALL = YES;
				SWIFT_EMIT_LOC_STRINGS = YES;
				SWIFT_VERSION = 5.0;
				TARGETED_DEVICE_FAMILY = "1,2";
			};
			name = Debug;
		};
		8C8C632B2C39E2E800135D6C /* Release */ = {
			isa = XCBuildConfiguration;
			buildSettings = {
				ASSETCATALOG_COMPILER_GLOBAL_ACCENT_COLOR_NAME = AccentColor;
				ASSETCATALOG_COMPILER_WIDGET_BACKGROUND_COLOR_NAME = WidgetBackground;
				CODE_SIGN_STYLE = Automatic;
				CURRENT_PROJECT_VERSION = 1;
				DEVELOPMENT_TEAM = 86C8SC428C;
				GENERATE_INFOPLIST_FILE = YES;
				INFOPLIST_FILE = FancyTimeWidget/Info.plist;
				INFOPLIST_KEY_CFBundleDisplayName = FancyTimeWidget;
				INFOPLIST_KEY_NSHumanReadableCopyright = "";
				IPHONEOS_DEPLOYMENT_TARGET = 17.5;
				LD_RUNPATH_SEARCH_PATHS = (
					"$(inherited)",
					"@executable_path/Frameworks",
					"@executable_path/../../Frameworks",
				);
				MARKETING_VERSION = 1.0;
				PRODUCT_BUNDLE_IDENTIFIER = com.sigabrt.KodecoSwiftUCookBookMultiplatformComponents.FancyTimeWidget;
				PRODUCT_NAME = "$(TARGET_NAME)";
				SDKROOT = iphoneos;
				SKIP_INSTALL = YES;
				SWIFT_EMIT_LOC_STRINGS = YES;
				SWIFT_VERSION = 5.0;
				TARGETED_DEVICE_FAMILY = "1,2";
				VALIDATE_PRODUCT = YES;
			};
			name = Release;
		};
/* End XCBuildConfiguration section */

/* Begin XCConfigurationList section */
		8C8C62F12C39952700135D6C /* Build configuration list for PBXProject "KodecoSwiftUCookBookMultiplatformComponents" */ = {
			isa = XCConfigurationList;
			buildConfigurations = (
				8C8C63032C39952900135D6C /* Debug */,
				8C8C63042C39952900135D6C /* Release */,
			);
			defaultConfigurationIsVisible = 0;
			defaultConfigurationName = Release;
		};
		8C8C63052C39952900135D6C /* Build configuration list for PBXNativeTarget "KodecoSwiftUCookBookMultiplatformComponents" */ = {
			isa = XCConfigurationList;
			buildConfigurations = (
				8C8C63062C39952900135D6C /* Debug */,
				8C8C63072C39952900135D6C /* Release */,
			);
			defaultConfigurationIsVisible = 0;
			defaultConfigurationName = Release;
		};
		8C8C63292C39E2E800135D6C /* Build configuration list for PBXNativeTarget "FancyTimeWidgetExtension" */ = {
			isa = XCConfigurationList;
			buildConfigurations = (
				8C8C632A2C39E2E800135D6C /* Debug */,
				8C8C632B2C39E2E800135D6C /* Release */,
			);
			defaultConfigurationIsVisible = 0;
			defaultConfigurationName = Release;
		};
/* End XCConfigurationList section */
	};
	rootObject = 8C8C62EE2C39952700135D6C /* Project object */;
}
